
Microsoft Visual Studio Solution File, Format Version 12.00
# Visual Studio Version 17
VisualStudioVersion = 17.1.32414.318
MinimumVisualStudioVersion = 10.0.40219.1
Project("{FAE04EC0-301F-11D3-BF4B-00C04F79EFBC}") = "CalcularAreas", "CalcularAreas\CalcularAreas.csproj", "{316DA252-A88F-4B1B-8F97-183951D537AD}"
EndProject
Global
	GlobalSection(SolutionConfigurationPlatforms) = preSolution
		Debug|Any CPU = Debug|Any CPU
		Release|Any CPU = Release|Any CPU
	EndGlobalSection
	GlobalSection(ProjectConfigurationPlatforms) = postSolution
		{316DA252-A88F-4B1B-8F97-183951D537AD}.Debug|Any CPU.ActiveCfg = Debug|Any CPU
		{316DA252-A88F-4B1B-8F97-183951D537AD}.Debug|Any CPU.Build.0 = Debug|Any CPU
		{316DA252-A88F-4B1B-8F97-183951D537AD}.Release|Any CPU.ActiveCfg = Release|Any CPU
		{316DA252-A88F-4B1B-8F97-183951D537AD}.Release|Any CPU.Build.0 = Release|Any CPU
	EndGlobalSection
	GlobalSection(SolutionProperties) = preSolution
		HideSolutionNode = FALSE
	EndGlobalSection
	GlobalSection(ExtensibilityGlobals) = postSolution
		SolutionGuid = {4BC418D6-7313-4B99-8F86-46A9D8FF6AA7}
	EndGlobalSection
EndGlobal
